
Microsoft Visual Studio Solution File, Format Version 12.00
# Visual Studio Version 16
VisualStudioVersion = 16.0.29009.5
MinimumVisualStudioVersion = 10.0.40219.1
Project("{FAE04EC0-301F-11D3-BF4B-00C04F79EFBC}") = "MarketNew", "MarketNew\MarketNew.csproj", "{B6527F5A-256B-4CBC-8322-212453D75381}"
EndProject
Global
	GlobalSection(SolutionConfigurationPlatforms) = preSolution
		Debug|Any CPU = Debug|Any CPU
		Release|Any CPU = Release|Any CPU
	EndGlobalSection
	GlobalSection(ProjectConfigurationPlatforms) = postSolution
		{B6527F5A-256B-4CBC-8322-212453D75381}.Debug|Any CPU.ActiveCfg = Debug|Any CPU
		{B6527F5A-256B-4CBC-8322-212453D75381}.Debug|Any CPU.Build.0 = Debug|Any CPU
		{B6527F5A-256B-4CBC-8322-212453D75381}.Release|Any CPU.ActiveCfg = Release|Any CPU
		{B6527F5A-256B-4CBC-8322-212453D75381}.Release|Any CPU.Build.0 = Release|Any CPU
	EndGlobalSection
	GlobalSection(SolutionProperties) = preSolution
		HideSolutionNode = FALSE
	EndGlobalSection
	GlobalSection(ExtensibilityGlobals) = postSolution
		SolutionGuid = {6C990011-E370-4E3C-9250-73F951266805}
	EndGlobalSection
EndGlobal
